
Microsoft Visual Studio Solution File, Format Version 12.00
# Visual Studio Version 16
VisualStudioVersion = 16.0.29306.81
MinimumVisualStudioVersion = 10.0.40219.1
Project("{FAE04EC0-301F-11D3-BF4B-00C04F79EFBC}") = "Client", "DemoRemotingMethod\Client.csproj", "{E783975B-921F-4086-BA6A-5D20C6C8F073}"
EndProject
Project("{FAE04EC0-301F-11D3-BF4B-00C04F79EFBC}") = "Server", "Server\Server.csproj", "{584EB921-8AA7-4A39-B61B-D4C03ED534DB}"
EndProject
Project("{FAE04EC0-301F-11D3-BF4B-00C04F79EFBC}") = "Shared", "Shared\Shared.csproj", "{A1394E19-4389-4962-BC3E-243640B8AF27}"
EndProject
Global
	GlobalSection(SolutionConfigurationPlatforms) = preSolution
		Debug|Any CPU = Debug|Any CPU
		Release|Any CPU = Release|Any CPU
	EndGlobalSection
	GlobalSection(ProjectConfigurationPlatforms) = postSolution
		{E783975B-921F-4086-BA6A-5D20C6C8F073}.Debug|Any CPU.ActiveCfg = Debug|Any CPU
		{E783975B-921F-4086-BA6A-5D20C6C8F073}.Debug|Any CPU.Build.0 = Debug|Any CPU
		{E783975B-921F-4086-BA6A-5D20C6C8F073}.Release|Any CPU.ActiveCfg = Release|Any CPU
		{E783975B-921F-4086-BA6A-5D20C6C8F073}.Release|Any CPU.Build.0 = Release|Any CPU
		{584EB921-8AA7-4A39-B61B-D4C03ED534DB}.Debug|Any CPU.ActiveCfg = Debug|Any CPU
		{584EB921-8AA7-4A39-B61B-D4C03ED534DB}.Debug|Any CPU.Build.0 = Debug|Any CPU
		{584EB921-8AA7-4A39-B61B-D4C03ED534DB}.Release|Any CPU.ActiveCfg = Release|Any CPU
		{584EB921-8AA7-4A39-B61B-D4C03ED534DB}.Release|Any CPU.Build.0 = Release|Any CPU
		{A1394E19-4389-4962-BC3E-243640B8AF27}.Debug|Any CPU.ActiveCfg = Debug|Any CPU
		{A1394E19-4389-4962-BC3E-243640B8AF27}.Debug|Any CPU.Build.0 = Debug|Any CPU
		{A1394E19-4389-4962-BC3E-243640B8AF27}.Release|Any CPU.ActiveCfg = Release|Any CPU
		{A1394E19-4389-4962-BC3E-243640B8AF27}.Release|Any CPU.Build.0 = Release|Any CPU
	EndGlobalSection
	GlobalSection(SolutionProperties) = preSolution
		HideSolutionNode = FALSE
	EndGlobalSection
	GlobalSection(ExtensibilityGlobals) = postSolution
		SolutionGuid = {9DCEB7A2-05A2-4C37-85E2-7B10B5999A05}
	EndGlobalSection
EndGlobal
